
Microsoft Visual Studio Solution File, Format Version 12.00
# Visual Studio Version 16
VisualStudioVersion = 16.0.30804.86
MinimumVisualStudioVersion = 10.0.40219.1
Project("{8BC9CEB8-8B4A-11D0-8D11-00A0C91BC942}") = "problem_1", "problem_1\problem_1.vcxproj", "{C0373C88-ABCB-4175-B70F-27D0B6F2B801}"
EndProject
Global
	GlobalSection(SolutionConfigurationPlatforms) = preSolution
		Debug|x64 = Debug|x64
		Debug|x86 = Debug|x86
		Release|x64 = Release|x64
		Release|x86 = Release|x86
	EndGlobalSection
	GlobalSection(ProjectConfigurationPlatforms) = postSolution
		{C0373C88-ABCB-4175-B70F-27D0B6F2B801}.Debug|x64.ActiveCfg = Debug|x64
		{C0373C88-ABCB-4175-B70F-27D0B6F2B801}.Debug|x64.Build.0 = Debug|x64
		{C0373C88-ABCB-4175-B70F-27D0B6F2B801}.Debug|x86.ActiveCfg = Debug|Win32
		{C0373C88-ABCB-4175-B70F-27D0B6F2B801}.Debug|x86.Build.0 = Debug|Win32
		{C0373C88-ABCB-4175-B70F-27D0B6F2B801}.Release|x64.ActiveCfg = Release|x64
		{C0373C88-ABCB-4175-B70F-27D0B6F2B801}.Release|x64.Build.0 = Release|x64
		{C0373C88-ABCB-4175-B70F-27D0B6F2B801}.Release|x86.ActiveCfg = Release|Win32
		{C0373C88-ABCB-4175-B70F-27D0B6F2B801}.Release|x86.Build.0 = Release|Win32
	EndGlobalSection
	GlobalSection(SolutionProperties) = preSolution
		HideSolutionNode = FALSE
	EndGlobalSection
	GlobalSection(ExtensibilityGlobals) = postSolution
		SolutionGuid = {BE91378F-825F-4296-9AB4-F730D7785D74}
	EndGlobalSection
EndGlobal
